
Microsoft Visual Studio Solution File, Format Version 12.00
# Visual Studio Version 17
VisualStudioVersion = 17.8.34408.163
MinimumVisualStudioVersion = 10.0.40219.1
Project("{8BC9CEB8-8B4A-11D0-8D11-00A0C91BC942}") = "psqlODBC", "psqlodbc.vcxproj", "{C45ECB41-8473-4F11-8186-E5574CFBADCF}"
EndProject
Global
	GlobalSection(SolutionConfigurationPlatforms) = preSolution
		Debug|Win32 = Debug|Win32
		Release|Win32 = Release|Win32
	EndGlobalSection
	GlobalSection(ProjectConfigurationPlatforms) = postSolution
		{C45ECB41-8473-4F11-8186-E5574CFBADCF}.Debug|Win32.ActiveCfg = Debug|Win32
		{C45ECB41-8473-4F11-8186-E5574CFBADCF}.Debug|Win32.Build.0 = Debug|Win32
		{C45ECB41-8473-4F11-8186-E5574CFBADCF}.Release|Win32.ActiveCfg = Release|Win32
		{C45ECB41-8473-4F11-8186-E5574CFBADCF}.Release|Win32.Build.0 = Release|Win32
	EndGlobalSection
	GlobalSection(SolutionProperties) = preSolution
		HideSolutionNode = FALSE
	EndGlobalSection
	GlobalSection(ExtensibilityGlobals) = postSolution
		SolutionGuid = {D4D16229-1A47-43D4-B881-F1D072436145}
	EndGlobalSection
EndGlobal
